
Microsoft Visual Studio Solution File, Format Version 12.00
# Visual Studio Version 16
VisualStudioVersion = 16.0.29123.88
MinimumVisualStudioVersion = 10.0.40219.1
Project("{F184B08F-C81C-45F6-A57F-5ABD9991F28F}") = "发声研究", "发声研究\发声研究.vbproj", "{57FDDAFD-9423-47B2-8CF9-DA36C56FF15D}"
EndProject
Global
	GlobalSection(SolutionConfigurationPlatforms) = preSolution
		Debug|Any CPU = Debug|Any CPU
		Release|Any CPU = Release|Any CPU
	EndGlobalSection
	GlobalSection(ProjectConfigurationPlatforms) = postSolution
		{57FDDAFD-9423-47B2-8CF9-DA36C56FF15D}.Debug|Any CPU.ActiveCfg = Debug|Any CPU
		{57FDDAFD-9423-47B2-8CF9-DA36C56FF15D}.Debug|Any CPU.Build.0 = Debug|Any CPU
		{57FDDAFD-9423-47B2-8CF9-DA36C56FF15D}.Release|Any CPU.ActiveCfg = Release|Any CPU
		{57FDDAFD-9423-47B2-8CF9-DA36C56FF15D}.Release|Any CPU.Build.0 = Release|Any CPU
	EndGlobalSection
	GlobalSection(SolutionProperties) = preSolution
		HideSolutionNode = FALSE
	EndGlobalSection
	GlobalSection(ExtensibilityGlobals) = postSolution
		SolutionGuid = {A0DF47B1-74DC-411D-B70E-EAAC9C22B9B1}
	EndGlobalSection
EndGlobal
